
Microsoft Visual Studio Solution File, Format Version 12.00
# Visual Studio Version 17
VisualStudioVersion = 17.11.35312.102
MinimumVisualStudioVersion = 10.0.40219.1
Project("{FAE04EC0-301F-11D3-BF4B-00C04F79EFBC}") = "Akinator", "Akinator\Akinator.csproj", "{91172633-8357-4050-94C6-CC52EE3E4768}"
EndProject
Global
	GlobalSection(SolutionConfigurationPlatforms) = preSolution
		Debug|Any CPU = Debug|Any CPU
		Release|Any CPU = Release|Any CPU
	EndGlobalSection
	GlobalSection(ProjectConfigurationPlatforms) = postSolution
		{91172633-8357-4050-94C6-CC52EE3E4768}.Debug|Any CPU.ActiveCfg = Debug|Any CPU
		{91172633-8357-4050-94C6-CC52EE3E4768}.Debug|Any CPU.Build.0 = Debug|Any CPU
		{91172633-8357-4050-94C6-CC52EE3E4768}.Release|Any CPU.ActiveCfg = Release|Any CPU
		{91172633-8357-4050-94C6-CC52EE3E4768}.Release|Any CPU.Build.0 = Release|Any CPU
	EndGlobalSection
	GlobalSection(SolutionProperties) = preSolution
		HideSolutionNode = FALSE
	EndGlobalSection
	GlobalSection(ExtensibilityGlobals) = postSolution
		SolutionGuid = {8FA7556B-2AD8-4A39-B774-061795B7BC82}
	EndGlobalSection
EndGlobal
